
Microsoft Visual Studio Solution File, Format Version 12.00
# Visual Studio Version 17
VisualStudioVersion = 17.1.32228.430
MinimumVisualStudioVersion = 10.0.40219.1
Project("{888888A0-9F3D-457C-B088-3A5042F75D52}") = "GCDEuclid", "GCDEuclid\GCDEuclid.pyproj", "{54834B80-DB03-4CEC-A0DE-203A235F546D}"
EndProject
Global
	GlobalSection(SolutionConfigurationPlatforms) = preSolution
		Debug|Any CPU = Debug|Any CPU
		Release|Any CPU = Release|Any CPU
	EndGlobalSection
	GlobalSection(ProjectConfigurationPlatforms) = postSolution
		{54834B80-DB03-4CEC-A0DE-203A235F546D}.Debug|Any CPU.ActiveCfg = Debug|Any CPU
		{54834B80-DB03-4CEC-A0DE-203A235F546D}.Release|Any CPU.ActiveCfg = Release|Any CPU
	EndGlobalSection
	GlobalSection(SolutionProperties) = preSolution
		HideSolutionNode = FALSE
	EndGlobalSection
	GlobalSection(ExtensibilityGlobals) = postSolution
		SolutionGuid = {FA6E656A-BCE8-4D9E-8597-4C5808CF3DC9}
	EndGlobalSection
EndGlobal
